
Microsoft Visual Studio Solution File, Format Version 10.00
# Visual Studio 2008
Project("{8BC9CEB8-8B4A-11D0-8D11-00A0C91BC942}") = "dahuarpctest", "dahuarpctest.vcproj", "{61CFF1E3-0B55-47AB-85AA-529990D1A0E3}"
	ProjectSection(ProjectDependencies) = postProject
		{67677003-F6E9-4694-9D69-03C443865CEC} = {67677003-F6E9-4694-9D69-03C443865CEC}
	EndProjectSection
EndProject
Project("{8BC9CEB8-8B4A-11D0-8D11-00A0C91BC942}") = "dahuarpc", "..\dahuarpc\dahuarpc.vcproj", "{67677003-F6E9-4694-9D69-03C443865CEC}"
	ProjectSection(ProjectDependencies) = postProject
		{88299A6E-ED1D-4664-AFC6-0DA10A6473A1} = {88299A6E-ED1D-4664-AFC6-0DA10A6473A1}
	EndProjectSection
EndProject
Project("{8BC9CEB8-8B4A-11D0-8D11-00A0C91BC942}") = "jsonclib", "..\jsonc\jsonclib.vcproj", "{88299A6E-ED1D-4664-AFC6-0DA10A6473A1}"
EndProject
Global
	GlobalSection(SolutionConfigurationPlatforms) = preSolution
		Debug|Win32 = Debug|Win32
		Release|Win32 = Release|Win32
	EndGlobalSection
	GlobalSection(ProjectConfigurationPlatforms) = postSolution
		{61CFF1E3-0B55-47AB-85AA-529990D1A0E3}.Debug|Win32.ActiveCfg = Debug|Win32
		{61CFF1E3-0B55-47AB-85AA-529990D1A0E3}.Debug|Win32.Build.0 = Debug|Win32
		{61CFF1E3-0B55-47AB-85AA-529990D1A0E3}.Release|Win32.ActiveCfg = Release|Win32
		{61CFF1E3-0B55-47AB-85AA-529990D1A0E3}.Release|Win32.Build.0 = Release|Win32
		{67677003-F6E9-4694-9D69-03C443865CEC}.Debug|Win32.ActiveCfg = Debug|Win32
		{67677003-F6E9-4694-9D69-03C443865CEC}.Debug|Win32.Build.0 = Debug|Win32
		{67677003-F6E9-4694-9D69-03C443865CEC}.Release|Win32.ActiveCfg = Release|Win32
		{67677003-F6E9-4694-9D69-03C443865CEC}.Release|Win32.Build.0 = Release|Win32
		{88299A6E-ED1D-4664-AFC6-0DA10A6473A1}.Debug|Win32.ActiveCfg = Debug|Win32
		{88299A6E-ED1D-4664-AFC6-0DA10A6473A1}.Debug|Win32.Build.0 = Debug|Win32
		{88299A6E-ED1D-4664-AFC6-0DA10A6473A1}.Release|Win32.ActiveCfg = Release|Win32
		{88299A6E-ED1D-4664-AFC6-0DA10A6473A1}.Release|Win32.Build.0 = Release|Win32
	EndGlobalSection
	GlobalSection(SolutionProperties) = preSolution
		HideSolutionNode = FALSE
	EndGlobalSection
EndGlobal
